// !$*UTF8*$!
{
	archiveVersion = 1;
	classes = {
	};
	objectVersion = 46;
	objects = {

/* Begin PBXBuildFile section */
		706217E514FB43E8004820A3 /* UIKit.framework in Frameworks */ = {isa = PBXBuildFile; fileRef = 706217E414FB43E8004820A3 /* UIKit.framework */; };
		706217E714FB43E8004820A3 /* Foundation.framework in Frameworks */ = {isa = PBXBuildFile; fileRef = 706217E614FB43E8004820A3 /* Foundation.framework */; };
		706217E914FB43E8004820A3 /* CoreGraphics.framework in Frameworks */ = {isa = PBXBuildFile; fileRef = 706217E814FB43E8004820A3 /* CoreGraphics.framework */; };
		706217EF14FB43E8004820A3 /* InfoPlist.strings in Resources */ = {isa = PBXBuildFile; fileRef = 706217ED14FB43E8004820A3 /* InfoPlist.strings */; };
		706217F114FB43E8004820A3 /* main.m in Sources */ = {isa = PBXBuildFile; fileRef = 706217F014FB43E8004820A3 /* main.m */; };
		706217F514FB43E8004820A3 /* DeliciousLaterAppDelegate.m in Sources */ = {isa = PBXBuildFile; fileRef = 706217F414FB43E8004820A3 /* DeliciousLaterAppDelegate.m */; };
		706217F814FB43E8004820A3 /* MainStoryboard_iPhone.storyboard in Resources */ = {isa = PBXBuildFile; fileRef = 706217F614FB43E8004820A3 /* MainStoryboard_iPhone.storyboard */; };
		706217FB14FB43E8004820A3 /* MainStoryboard_iPad.storyboard in Resources */ = {isa = PBXBuildFile; fileRef = 706217F914FB43E8004820A3 /* MainStoryboard_iPad.storyboard */; };
		706217FE14FB43E8004820A3 /* RootViewController.m in Sources */ = {isa = PBXBuildFile; fileRef = 706217FD14FB43E8004820A3 /* RootViewController.m */; };
		7062180014FB43E8004820A3 /* DetailViewController.h in Resources */ = {isa = PBXBuildFile; fileRef = 706217FF14FB43E8004820A3 /* DetailViewController.h */; };
		7062180214FB43E8004820A3 /* DetailViewController.m in Sources */ = {isa = PBXBuildFile; fileRef = 7062180114FB43E8004820A3 /* DetailViewController.m */; };
		7062180A14FB43E8004820A3 /* SenTestingKit.framework in Frameworks */ = {isa = PBXBuildFile; fileRef = 7062180914FB43E8004820A3 /* SenTestingKit.framework */; };
		7062180B14FB43E8004820A3 /* UIKit.framework in Frameworks */ = {isa = PBXBuildFile; fileRef = 706217E414FB43E8004820A3 /* UIKit.framework */; };
		7062180C14FB43E8004820A3 /* Foundation.framework in Frameworks */ = {isa = PBXBuildFile; fileRef = 706217E614FB43E8004820A3 /* Foundation.framework */; };
		7062180D14FB43E8004820A3 /* CoreGraphics.framework in Frameworks */ = {isa = PBXBuildFile; fileRef = 706217E814FB43E8004820A3 /* CoreGraphics.framework */; };
		7062181514FB43E8004820A3 /* InfoPlist.strings in Resources */ = {isa = PBXBuildFile; fileRef = 7062181314FB43E8004820A3 /* InfoPlist.strings */; };
		7062181714FB43E8004820A3 /* DeliciousLaterTests.h in Resources */ = {isa = PBXBuildFile; fileRef = 7062181614FB43E8004820A3 /* DeliciousLaterTests.h */; };
		7062181914FB43E8004820A3 /* DeliciousLaterTests.m in Sources */ = {isa = PBXBuildFile; fileRef = 7062181814FB43E8004820A3 /* DeliciousLaterTests.m */; };
/* End PBXBuildFile section */

/* Begin PBXContainerItemProxy section */
		7062180E14FB43E8004820A3 /* PBXContainerItemProxy */ = {
			isa = PBXContainerItemProxy;
			containerPortal = 706217D714FB43E8004820A3 /* Project object */;
			proxyType = 1;
			remoteGlobalIDString = 706217DF14FB43E8004820A3;
			remoteInfo = DeliciousLater;
		};
/* End PBXContainerItemProxy section */

/* Begin PBXFileReference section */
		706217E014FB43E8004820A3 /* DeliciousLater.app */ = {isa = PBXFileReference; explicitFileType = wrapper.application; includeInIndex = 0; path = DeliciousLater.app; sourceTree = BUILT_PRODUCTS_DIR; };
		706217E414FB43E8004820A3 /* UIKit.framework */ = {isa = PBXFileReference; lastKnownFileType = wrapper.framework; name = UIKit.framework; path = System/Library/Frameworks/UIKit.framework; sourceTree = SDKROOT; };
		706217E614FB43E8004820A3 /* Foundation.framework */ = {isa = PBXFileReference; lastKnownFileType = wrapper.framework; name = Foundation.framework; path = System/Library/Frameworks/Foundation.framework; sourceTree = SDKROOT; };
		706217E814FB43E8004820A3 /* CoreGraphics.framework */ = {isa = PBXFileReference; lastKnownFileType = wrapper.framework; name = CoreGraphics.framework; path = System/Library/Frameworks/CoreGraphics.framework; sourceTree = SDKROOT; };
		706217EC14FB43E8004820A3 /* DeliciousLater-Info.plist */ = {isa = PBXFileReference; path = "DeliciousLater-Info.plist"; sourceTree = "<group>"; };
		706217EE14FB43E8004820A3 /* en */ = {isa = PBXFileReference; lastKnownFileType = text.plist.strings; name = en; path = en.lproj/InfoPlist.strings; sourceTree = "<group>"; };
		706217F014FB43E8004820A3 /* main.m */ = {isa = PBXFileReference; lastKnownFileType = sourcecode.c.objc; path = main.m; sourceTree = "<group>"; };
		706217F214FB43E8004820A3 /* DeliciousLater-Prefix.pch */ = {isa = PBXFileReference; path = "DeliciousLater-Prefix.pch"; sourceTree = "<group>"; };
		706217F314FB43E8004820A3 /* DeliciousLaterAppDelegate.h */ = {isa = PBXFileReference; path = DeliciousLaterAppDelegate.h; sourceTree = "<group>"; };
		706217F414FB43E8004820A3 /* DeliciousLaterAppDelegate.m */ = {isa = PBXFileReference; lastKnownFileType = sourcecode.c.objc; path = DeliciousLaterAppDelegate.m; sourceTree = "<group>"; };
		706217F714FB43E8004820A3 /* en */ = {isa = PBXFileReference; lastKnownFileType = file.storyboard; name = en; path = en.lproj/MainStoryboard_iPhone.storyboard; sourceTree = "<group>"; };
		706217FA14FB43E8004820A3 /* en */ = {isa = PBXFileReference; lastKnownFileType = file.storyboard; name = en; path = en.lproj/MainStoryboard_iPad.storyboard; sourceTree = "<group>"; };
		706217FC14FB43E8004820A3 /* RootViewController.h */ = {isa = PBXFileReference; path = RootViewController.h; sourceTree = "<group>"; };
		706217FD14FB43E8004820A3 /* RootViewController.m */ = {isa = PBXFileReference; lastKnownFileType = sourcecode.c.objc; path = RootViewController.m; sourceTree = "<group>"; };
		706217FF14FB43E8004820A3 /* DetailViewController.h */ = {isa = PBXFileReference; lastKnownFileType = sourcecode.c.h; path = DetailViewController.h; sourceTree = "<group>"; };
		7062180114FB43E8004820A3 /* DetailViewController.m */ = {isa = PBXFileReference; lastKnownFileType = sourcecode.c.objc; path = DetailViewController.m; sourceTree = "<group>"; };
		7062180814FB43E8004820A3 /* DeliciousLaterTests.octest */ = {isa = PBXFileReference; explicitFileType = wrapper.cfbundle; includeInIndex = 0; path = DeliciousLaterTests.octest; sourceTree = BUILT_PRODUCTS_DIR; };
		7062180914FB43E8004820A3 /* SenTestingKit.framework */ = {isa = PBXFileReference; lastKnownFileType = wrapper.framework; name = SenTestingKit.framework; path = Library/Frameworks/SenTestingKit.framework; sourceTree = DEVELOPER_DIR; };
		7062181214FB43E8004820A3 /* DeliciousLaterTests-Info.plist */ = {isa = PBXFileReference; path = "DeliciousLaterTests-Info.plist"; sourceTree = "<group>"; };
		7062181414FB43E8004820A3 /* en */ = {isa = PBXFileReference; lastKnownFileType = text.plist.strings; name = en; path = en.lproj/InfoPlist.strings; sourceTree = "<group>"; };
		7062181614FB43E8004820A3 /* DeliciousLaterTests.h */ = {isa = PBXFileReference; lastKnownFileType = sourcecode.c.h; path = DeliciousLaterTests.h; sourceTree = "<group>"; };
		7062181814FB43E8004820A3 /* DeliciousLaterTests.m */ = {isa = PBXFileReference; lastKnownFileType = sourcecode.c.objc; path = DeliciousLaterTests.m; sourceTree = "<group>"; };
/* End PBXFileReference section */

/* Begin PBXFrameworksBuildPhase section */
		706217DD14FB43E8004820A3 /* Frameworks */ = {
			isa = PBXFrameworksBuildPhase;
			buildActionMask = 2147483647;
			files = (
				706217E514FB43E8004820A3 /* UIKit.framework in Frameworks */,
				706217E714FB43E8004820A3 /* Foundation.framework in Frameworks */,
				706217E914FB43E8004820A3 /* CoreGraphics.framework in Frameworks */,
			);
			runOnlyForDeploymentPostprocessing = 0;
		};
		7062180414FB43E8004820A3 /* Frameworks */ = {
			isa = PBXFrameworksBuildPhase;
			buildActionMask = 2147483647;
			files = (
				7062180A14FB43E8004820A3 /* SenTestingKit.framework in Frameworks */,
				7062180B14FB43E8004820A3 /* UIKit.framework in Frameworks */,
				7062180C14FB43E8004820A3 /* Foundation.framework in Frameworks */,
				7062180D14FB43E8004820A3 /* CoreGraphics.framework in Frameworks */,
			);
			runOnlyForDeploymentPostprocessing = 0;
		};
/* End PBXFrameworksBuildPhase section */

/* Begin PBXGroup section */
		706217D514FB43E8004820A3 = {
			isa = PBXGroup;
			children = (
				706217EA14FB43E8004820A3 /* DeliciousLater */,
				7062181014FB43E8004820A3 /* DeliciousLaterTests */,
				706217E314FB43E8004820A3 /* Frameworks */,
				706217E114FB43E8004820A3 /* Products */,
			);
			sourceTree = "<group>";
		};
		706217E114FB43E8004820A3 /* Products */ = {
			isa = PBXGroup;
			children = (
				706217E014FB43E8004820A3 /* DeliciousLater.app */,
				7062180814FB43E8004820A3 /* DeliciousLaterTests.octest */,
			);
			name = Products;
			sourceTree = "<group>";
		};
		706217E314FB43E8004820A3 /* Frameworks */ = {
			isa = PBXGroup;
			children = (
				706217E414FB43E8004820A3 /* UIKit.framework */,
				706217E614FB43E8004820A3 /* Foundation.framework */,
				706217E814FB43E8004820A3 /* CoreGraphics.framework */,
				7062180914FB43E8004820A3 /* SenTestingKit.framework */,
			);
			name = Frameworks;
			sourceTree = "<group>";
		};
		706217EA14FB43E8004820A3 /* DeliciousLater */ = {
			isa = PBXGroup;
			children = (
				706217F314FB43E8004820A3 /* DeliciousLaterAppDelegate.h */,
				706217F414FB43E8004820A3 /* DeliciousLaterAppDelegate.m */,
				706217F614FB43E8004820A3 /* MainStoryboard_iPhone.storyboard */,
				706217F914FB43E8004820A3 /* MainStoryboard_iPad.storyboard */,
				706217FC14FB43E8004820A3 /* RootViewController.h */,
				706217FD14FB43E8004820A3 /* RootViewController.m */,
				706217FF14FB43E8004820A3 /* DetailViewController.h */,
				7062180114FB43E8004820A3 /* DetailViewController.m */,
				706217EB14FB43E8004820A3 /* Supporting Files */,
			);
			path = DeliciousLater;
			sourceTree = "<group>";
		};
		706217EB14FB43E8004820A3 /* Supporting Files */ = {
			isa = PBXGroup;
			children = (
				706217EC14FB43E8004820A3 /* DeliciousLater-Info.plist */,
				706217ED14FB43E8004820A3 /* InfoPlist.strings */,
				706217F014FB43E8004820A3 /* main.m */,
				706217F214FB43E8004820A3 /* DeliciousLater-Prefix.pch */,
			);
			name = "Supporting Files";
			sourceTree = "<group>";
		};
		7062181014FB43E8004820A3 /* DeliciousLaterTests */ = {
			isa = PBXGroup;
			children = (
				7062181614FB43E8004820A3 /* DeliciousLaterTests.h */,
				7062181814FB43E8004820A3 /* DeliciousLaterTests.m */,
				7062181114FB43E8004820A3 /* Supporting Files */,
			);
			path = DeliciousLaterTests;
			sourceTree = "<group>";
		};
		7062181114FB43E8004820A3 /* Supporting Files */ = {
			isa = PBXGroup;
			children = (
				7062181214FB43E8004820A3 /* DeliciousLaterTests-Info.plist */,
				7062181314FB43E8004820A3 /* InfoPlist.strings */,
			);
			name = "Supporting Files";
			sourceTree = "<group>";
		};
/* End PBXGroup section */

/* Begin PBXNativeTarget section */
		706217DF14FB43E8004820A3 /* DeliciousLater */ = {
			isa = PBXNativeTarget;
			buildConfigurationList = 7062181C14FB43E8004820A3 /* Build configuration list for PBXNativeTarget "DeliciousLater" */;
			buildPhases = (
				706217DC14FB43E8004820A3 /* Sources */,
				706217DD14FB43E8004820A3 /* Frameworks */,
				706217DE14FB43E8004820A3 /* Resources */,
			);
			buildRules = (
			);
			dependencies = (
			);
			name = DeliciousLater;
			productName = DeliciousLater;
			productReference = 706217E014FB43E8004820A3 /* DeliciousLater.app */;
			productType = "com.apple.product-type.application";
		};
		7062180714FB43E8004820A3 /* DeliciousLaterTests */ = {
			isa = PBXNativeTarget;
			buildConfigurationList = 7062181F14FB43E8004820A3 /* Build configuration list for PBXNativeTarget "DeliciousLaterTests" */;
			buildPhases = (
				7062180314FB43E8004820A3 /* Sources */,
				7062180414FB43E8004820A3 /* Frameworks */,
				7062180514FB43E8004820A3 /* Resources */,
				7062180614FB43E8004820A3 /* ShellScript */,
			);
			buildRules = (
			);
			dependencies = (
				7062180F14FB43E8004820A3 /* PBXTargetDependency */,
			);
			name = DeliciousLaterTests;
			productName = DeliciousLaterTests;
			productReference = 7062180814FB43E8004820A3 /* DeliciousLaterTests.octest */;
			productType = "com.apple.product-type.bundle";
		};
/* End PBXNativeTarget section */

/* Begin PBXProject section */
		706217D714FB43E8004820A3 /* Project object */ = {
			isa = PBXProject;
			attributes = {
				ORGANIZATIONNAME = jetspeed4;
			};
			buildConfigurationList = 706217DA14FB43E8004820A3 /* Build configuration list for PBXProject "DeliciousLater" */;
			compatibilityVersion = "Xcode 3.2";
			developmentRegion = English;
			hasScannedForEncodings = 0;
			knownRegions = (
				en,
			);
			mainGroup = 706217D514FB43E8004820A3;
			productRefGroup = 706217E114FB43E8004820A3 /* Products */;
			projectDirPath = "";
			projectRoot = "";
			targets = (
				706217DF14FB43E8004820A3 /* DeliciousLater */,
				7062180714FB43E8004820A3 /* DeliciousLaterTests */,
			);
		};
/* End PBXProject section */

/* Begin PBXResourcesBuildPhase section */
		706217DE14FB43E8004820A3 /* Resources */ = {
			isa = PBXResourcesBuildPhase;
			buildActionMask = 2147483647;
			files = (
				706217EF14FB43E8004820A3 /* InfoPlist.strings in Resources */,
				706217F814FB43E8004820A3 /* MainStoryboard_iPhone.storyboard in Resources */,
				706217FB14FB43E8004820A3 /* MainStoryboard_iPad.storyboard in Resources */,
				7062180014FB43E8004820A3 /* DetailViewController.h in Resources */,
			);
			runOnlyForDeploymentPostprocessing = 0;
		};
		7062180514FB43E8004820A3 /* Resources */ = {
			isa = PBXResourcesBuildPhase;
			buildActionMask = 2147483647;
			files = (
				7062181514FB43E8004820A3 /* InfoPlist.strings in Resources */,
				7062181714FB43E8004820A3 /* DeliciousLaterTests.h in Resources */,
			);
			runOnlyForDeploymentPostprocessing = 0;
		};
/* End PBXResourcesBuildPhase section */

/* Begin PBXShellScriptBuildPhase section */
		7062180614FB43E8004820A3 /* ShellScript */ = {
			isa = PBXShellScriptBuildPhase;
			buildActionMask = 2147483647;
			files = (
			);
			inputPaths = (
			);
			outputPaths = (
			);
			runOnlyForDeploymentPostprocessing = 0;
			shellPath = /bin/sh;
			shellScript = "# Run the unit tests in this test bundle.\n\"${SYSTEM_DEVELOPER_DIR}/Tools/RunUnitTests\"\n";
		};
/* End PBXShellScriptBuildPhase section */

/* Begin PBXSourcesBuildPhase section */
		706217DC14FB43E8004820A3 /* Sources */ = {
			isa = PBXSourcesBuildPhase;
			buildActionMask = 2147483647;
			files = (
				706217F114FB43E8004820A3 /* main.m in Sources */,
				706217F514FB43E8004820A3 /* DeliciousLaterAppDelegate.m in Sources */,
				706217FE14FB43E8004820A3 /* RootViewController.m in Sources */,
				7062180214FB43E8004820A3 /* DetailViewController.m in Sources */,
			);
			runOnlyForDeploymentPostprocessing = 0;
		};
		7062180314FB43E8004820A3 /* Sources */ = {
			isa = PBXSourcesBuildPhase;
			buildActionMask = 2147483647;
			files = (
				7062181914FB43E8004820A3 /* DeliciousLaterTests.m in Sources */,
			);
			runOnlyForDeploymentPostprocessing = 0;
		};
/* End PBXSourcesBuildPhase section */

/* Begin PBXTargetDependency section */
		7062180F14FB43E8004820A3 /* PBXTargetDependency */ = {
			isa = PBXTargetDependency;
			target = 706217DF14FB43E8004820A3 /* DeliciousLater */;
			targetProxy = 7062180E14FB43E8004820A3 /* PBXContainerItemProxy */;
		};
/* End PBXTargetDependency section */

/* Begin PBXVariantGroup section */
		706217ED14FB43E8004820A3 /* InfoPlist.strings */ = {
			isa = PBXVariantGroup;
			children = (
				706217EE14FB43E8004820A3 /* en */,
			);
			name = InfoPlist.strings;
			sourceTree = "<group>";
		};
		706217F614FB43E8004820A3 /* MainStoryboard_iPhone.storyboard */ = {
			isa = PBXVariantGroup;
			children = (
				706217F714FB43E8004820A3 /* en */,
			);
			name = MainStoryboard_iPhone.storyboard;
			sourceTree = "<group>";
		};
		706217F914FB43E8004820A3 /* MainStoryboard_iPad.storyboard */ = {
			isa = PBXVariantGroup;
			children = (
				706217FA14FB43E8004820A3 /* en */,
			);
			name = MainStoryboard_iPad.storyboard;
			sourceTree = "<group>";
		};
		7062181314FB43E8004820A3 /* InfoPlist.strings */ = {
			isa = PBXVariantGroup;
			children = (
				7062181414FB43E8004820A3 /* en */,
			);
			name = InfoPlist.strings;
			sourceTree = "<group>";
		};
/* End PBXVariantGroup section */

/* Begin XCBuildConfiguration section */
		7062181A14FB43E8004820A3 /* Debug */ = {
			isa = XCBuildConfiguration;
			buildSettings = {
				ALWAYS_SEARCH_USER_PATHS = NO;
				ARCHS = "$(ARCHS_STANDARD_32_BIT)";
				CLANG_ENABLE_OBJC_ARC = YES;
				"CODE_SIGN_IDENTITY[sdk=iphoneos*]" = "iPhone Developer";
				COPY_PHASE_STRIP = NO;
				GCC_C_LANGUAGE_STANDARD = gnu99;
				GCC_DYNAMIC_NO_PIC = NO;
				GCC_OPTIMIZATION_LEVEL = 0;
				GCC_PREPROCESSOR_DEFINITIONS = (
					"DEBUG=1",
					"$(inherited)",
				);
				GCC_SYMBOLS_PRIVATE_EXTERN = NO;
				GCC_VERSION = com.apple.compilers.llvm.clang.1_0;
				GCC_WARN_ABOUT_MISSING_PROTOTYPES = YES;
				GCC_WARN_ABOUT_RETURN_TYPE = YES;
				GCC_WARN_UNUSED_VARIABLE = YES;
				IPHONEOS_DEPLOYMENT_TARGET = 5.0;
				SDKROOT = iphoneos;
				TARGETED_DEVICE_FAMILY = "1,2";
			};
			name = Debug;
		};
		7062181B14FB43E8004820A3 /* Release */ = {
			isa = XCBuildConfiguration;
			buildSettings = {
				ALWAYS_SEARCH_USER_PATHS = NO;
				ARCHS = "$(ARCHS_STANDARD_32_BIT)";
				CLANG_ENABLE_OBJC_ARC = YES;
				"CODE_SIGN_IDENTITY[sdk=iphoneos*]" = "iPhone Developer";
				COPY_PHASE_STRIP = YES;
				GCC_C_LANGUAGE_STANDARD = gnu99;
				GCC_VERSION = com.apple.compilers.llvm.clang.1_0;
				GCC_WARN_ABOUT_MISSING_PROTOTYPES = YES;
				GCC_WARN_ABOUT_RETURN_TYPE = YES;
				GCC_WARN_UNUSED_VARIABLE = YES;
				IPHONEOS_DEPLOYMENT_TARGET = 5.0;
				OTHER_CFLAGS = "-DNS_BLOCK_ASSERTIONS=1";
				SDKROOT = iphoneos;
				TARGETED_DEVICE_FAMILY = "1,2";
				VALIDATE_PRODUCT = YES;
			};
			name = Release;
		};
		7062181D14FB43E8004820A3 /* Debug */ = {
			isa = XCBuildConfiguration;
			buildSettings = {
				GCC_PRECOMPILE_PREFIX_HEADER = YES;
				GCC_PREFIX_HEADER = "DeliciousLater/DeliciousLater-Prefix.pch";
				INFOPLIST_FILE = "DeliciousLater/DeliciousLater-Info.plist";
				PRODUCT_NAME = "$(TARGET_NAME)";
				WRAPPER_EXTENSION = app;
			};
			name = Debug;
		};
		7062181E14FB43E8004820A3 /* Release */ = {
			isa = XCBuildConfiguration;
			buildSettings = {
				GCC_PRECOMPILE_PREFIX_HEADER = YES;
				GCC_PREFIX_HEADER = "DeliciousLater/DeliciousLater-Prefix.pch";
				INFOPLIST_FILE = "DeliciousLater/DeliciousLater-Info.plist";
				PRODUCT_NAME = "$(TARGET_NAME)";
				WRAPPER_EXTENSION = app;
			};
			name = Release;
		};
		7062182014FB43E8004820A3 /* Debug */ = {
			isa = XCBuildConfiguration;
			buildSettings = {
				BUNDLE_LOADER = "$(BUILT_PRODUCTS_DIR)/DeliciousLater.app/DeliciousLater";
				FRAMEWORK_SEARCH_PATHS = (
					"$(SDKROOT)/Developer/Library/Frameworks",
					"$(DEVELOPER_LIBRARY_DIR)/Frameworks",
				);
				GCC_PRECOMPILE_PREFIX_HEADER = YES;
				GCC_PREFIX_HEADER = "DeliciousLater/DeliciousLater-Prefix.pch";
				INFOPLIST_FILE = "DeliciousLaterTests/DeliciousLaterTests-Info.plist";
				PRODUCT_NAME = "$(TARGET_NAME)";
				TEST_HOST = "$(BUNDLE_LOADER)";
				WRAPPER_EXTENSION = octest;
			};
			name = Debug;
		};
		7062182114FB43E8004820A3 /* Release */ = {
			isa = XCBuildConfiguration;
			buildSettings = {
				BUNDLE_LOADER = "$(BUILT_PRODUCTS_DIR)/DeliciousLater.app/DeliciousLater";
				FRAMEWORK_SEARCH_PATHS = (
					"$(SDKROOT)/Developer/Library/Frameworks",
					"$(DEVELOPER_LIBRARY_DIR)/Frameworks",
				);
				GCC_PRECOMPILE_PREFIX_HEADER = YES;
				GCC_PREFIX_HEADER = "DeliciousLater/DeliciousLater-Prefix.pch";
				INFOPLIST_FILE = "DeliciousLaterTests/DeliciousLaterTests-Info.plist";
				PRODUCT_NAME = "$(TARGET_NAME)";
				TEST_HOST = "$(BUNDLE_LOADER)";
				WRAPPER_EXTENSION = octest;
			};
			name = Release;
		};
/* End XCBuildConfiguration section */

/* Begin XCConfigurationList section */
		706217DA14FB43E8004820A3 /* Build configuration list for PBXProject "DeliciousLater" */ = {
			isa = XCConfigurationList;
			buildConfigurations = (
				7062181A14FB43E8004820A3 /* Debug */,
				7062181B14FB43E8004820A3 /* Release */,
			);
			defaultConfigurationIsVisible = 0;
			defaultConfigurationName = Release;
		};
		7062181C14FB43E8004820A3 /* Build configuration list for PBXNativeTarget "DeliciousLater" */ = {
			isa = XCConfigurationList;
			buildConfigurations = (
				7062181D14FB43E8004820A3 /* Debug */,
				7062181E14FB43E8004820A3 /* Release */,
			);
			defaultConfigurationIsVisible = 0;
		};
		7062181F14FB43E8004820A3 /* Build configuration list for PBXNativeTarget "DeliciousLaterTests" */ = {
			isa = XCConfigurationList;
			buildConfigurations = (
				7062182014FB43E8004820A3 /* Debug */,
				7062182114FB43E8004820A3 /* Release */,
			);
			defaultConfigurationIsVisible = 0;
		};
/* End XCConfigurationList section */
	};
	rootObject = 706217D714FB43E8004820A3 /* Project object */;
}
